
Microsoft Visual Studio Solution File, Format Version 12.00
# Visual Studio Version 16
VisualStudioVersion = 16.0.30717.126
MinimumVisualStudioVersion = 10.0.40219.1
Project("{FAE04EC0-301F-11D3-BF4B-00C04F79EFBC}") = "ERPPRONew", "ERPPRONew\ERPPRONew.csproj", "{50714085-3089-49B5-9288-6074D281D5DB}"
EndProject
Project("{FAE04EC0-301F-11D3-BF4B-00C04F79EFBC}") = "IERPRepository", "IERPRepository\IERPRepository.csproj", "{DC6EBD19-A758-4E6C-9502-0B7525C3091E}"
EndProject
Project("{FAE04EC0-301F-11D3-BF4B-00C04F79EFBC}") = "ERPRepository", "ERPRepository\ERPRepository.csproj", "{DC7D557F-3754-498F-A7E1-6B04A44A0295}"
EndProject
Project("{FAE04EC0-301F-11D3-BF4B-00C04F79EFBC}") = "DtoERP", "DtoERP\DtoERP.csproj", "{2C5B23AD-63F0-4210-B70C-458576AF92DE}"
EndProject
Project("{FAE04EC0-301F-11D3-BF4B-00C04F79EFBC}") = "ContextERP", "ContextERP\ContextERP.csproj", "{337FD774-2754-4772-93C5-C6678DC45B6F}"
EndProject
Global
	GlobalSection(SolutionConfigurationPlatforms) = preSolution
		Debug|Any CPU = Debug|Any CPU
		Release|Any CPU = Release|Any CPU
	EndGlobalSection
	GlobalSection(ProjectConfigurationPlatforms) = postSolution
		{50714085-3089-49B5-9288-6074D281D5DB}.Debug|Any CPU.ActiveCfg = Debug|Any CPU
		{50714085-3089-49B5-9288-6074D281D5DB}.Debug|Any CPU.Build.0 = Debug|Any CPU
		{50714085-3089-49B5-9288-6074D281D5DB}.Release|Any CPU.ActiveCfg = Release|Any CPU
		{50714085-3089-49B5-9288-6074D281D5DB}.Release|Any CPU.Build.0 = Release|Any CPU
		{DC6EBD19-A758-4E6C-9502-0B7525C3091E}.Debug|Any CPU.ActiveCfg = Debug|Any CPU
		{DC6EBD19-A758-4E6C-9502-0B7525C3091E}.Debug|Any CPU.Build.0 = Debug|Any CPU
		{DC6EBD19-A758-4E6C-9502-0B7525C3091E}.Release|Any CPU.ActiveCfg = Release|Any CPU
		{DC6EBD19-A758-4E6C-9502-0B7525C3091E}.Release|Any CPU.Build.0 = Release|Any CPU
		{DC7D557F-3754-498F-A7E1-6B04A44A0295}.Debug|Any CPU.ActiveCfg = Debug|Any CPU
		{DC7D557F-3754-498F-A7E1-6B04A44A0295}.Debug|Any CPU.Build.0 = Debug|Any CPU
		{DC7D557F-3754-498F-A7E1-6B04A44A0295}.Release|Any CPU.ActiveCfg = Release|Any CPU
		{DC7D557F-3754-498F-A7E1-6B04A44A0295}.Release|Any CPU.Build.0 = Release|Any CPU
		{2C5B23AD-63F0-4210-B70C-458576AF92DE}.Debug|Any CPU.ActiveCfg = Debug|Any CPU
		{2C5B23AD-63F0-4210-B70C-458576AF92DE}.Debug|Any CPU.Build.0 = Debug|Any CPU
		{2C5B23AD-63F0-4210-B70C-458576AF92DE}.Release|Any CPU.ActiveCfg = Release|Any CPU
		{2C5B23AD-63F0-4210-B70C-458576AF92DE}.Release|Any CPU.Build.0 = Release|Any CPU
		{337FD774-2754-4772-93C5-C6678DC45B6F}.Debug|Any CPU.ActiveCfg = Debug|Any CPU
		{337FD774-2754-4772-93C5-C6678DC45B6F}.Debug|Any CPU.Build.0 = Debug|Any CPU
		{337FD774-2754-4772-93C5-C6678DC45B6F}.Release|Any CPU.ActiveCfg = Release|Any CPU
		{337FD774-2754-4772-93C5-C6678DC45B6F}.Release|Any CPU.Build.0 = Release|Any CPU
	EndGlobalSection
	GlobalSection(SolutionProperties) = preSolution
		HideSolutionNode = FALSE
	EndGlobalSection
	GlobalSection(ExtensibilityGlobals) = postSolution
		SolutionGuid = {CD7B3A56-268E-4514-834C-C2E120EB9362}
	EndGlobalSection
EndGlobal
